
Microsoft Visual Studio Solution File, Format Version 12.00
# Visual Studio Version 16
VisualStudioVersion = 16.0.29613.14
MinimumVisualStudioVersion = 10.0.40219.1
Project("{9A19103F-16F7-4668-BE54-9A1E7A4F7556}") = "ZString", "src\ZString\ZString.csproj", "{7B09D422-D19A-457E-ADA0-4CDC2DC581BB}"
EndProject
Global
	GlobalSection(SolutionConfigurationPlatforms) = preSolution
		Debug|Any CPU = Debug|Any CPU
		Release|Any CPU = Release|Any CPU
	EndGlobalSection
	GlobalSection(ProjectConfigurationPlatforms) = postSolution
		{7B09D422-D19A-457E-ADA0-4CDC2DC581BB}.Debug|Any CPU.ActiveCfg = Debug|Any CPU
		{7B09D422-D19A-457E-ADA0-4CDC2DC581BB}.Debug|Any CPU.Build.0 = Debug|Any CPU
		{7B09D422-D19A-457E-ADA0-4CDC2DC581BB}.Release|Any CPU.ActiveCfg = Release|Any CPU
		{7B09D422-D19A-457E-ADA0-4CDC2DC581BB}.Release|Any CPU.Build.0 = Release|Any CPU
	EndGlobalSection
	GlobalSection(SolutionProperties) = preSolution
		HideSolutionNode = FALSE
	EndGlobalSection
	GlobalSection(ExtensibilityGlobals) = postSolution
		SolutionGuid = {DF39BF43-3E0E-4F7D-9943-7E50D301234D}
	EndGlobalSection
EndGlobal
